lockfileVersion: 5.4

specifiers:
  echarts: ^5.4.1

dependencies:
  echarts: 5.4.1

packages:

  /echarts/5.4.1:
    resolution: {integrity: sha512-9ltS3M2JB0w2EhcYjCdmtrJ+6haZcW6acBolMGIuf01Hql1yrIV01L1aRj7jsaaIULJslEP9Z3vKlEmnJaWJVQ==}
    dependencies:
      tslib: 2.3.0
      zrender: 5.4.1
    dev: false

  /tslib/2.3.0:
    resolution: {integrity: sha512-N82ooyxVNm6h1riLCoyS9e3fuJ3AMG2zIZs2Gd1ATcSFjSA23Q0fzjjZeh0jbJvWVDZ0cJT8yaNNaaXHzueNjg==}
    dev: false

  /zrender/5.4.1:
    resolution: {integrity: sha512-M4Z05BHWtajY2241EmMPHglDQAJ1UyHQcYsxDNzD9XLSkPDqMq4bB28v9Pb4mvHnVQ0GxyTklZ/69xCFP6RXBA==}
    dependencies:
      tslib: 2.3.0
    dev: false
